
Microsoft Visual Studio Solution File, Format Version 12.00
# Visual Studio Version 16
VisualStudioVersion = 16.0.28803.352
MinimumVisualStudioVersion = 10.0.40219.1
Project("{FAE04EC0-301F-11D3-BF4B-00C04F79EFBC}") = "Film ve Dizi Ekle", "Film ve Dizi Ekle\Film ve Dizi Ekle.csproj", "{B379D470-FF22-4648-8E83-3D0AF0155379}"
EndProject
Global
	GlobalSection(SolutionConfigurationPlatforms) = preSolution
		Debug|Any CPU = Debug|Any CPU
		Release|Any CPU = Release|Any CPU
	EndGlobalSection
	GlobalSection(ProjectConfigurationPlatforms) = postSolution
		{B379D470-FF22-4648-8E83-3D0AF0155379}.Debug|Any CPU.ActiveCfg = Debug|Any CPU
		{B379D470-FF22-4648-8E83-3D0AF0155379}.Debug|Any CPU.Build.0 = Debug|Any CPU
		{B379D470-FF22-4648-8E83-3D0AF0155379}.Release|Any CPU.ActiveCfg = Release|Any CPU
		{B379D470-FF22-4648-8E83-3D0AF0155379}.Release|Any CPU.Build.0 = Release|Any CPU
	EndGlobalSection
	GlobalSection(SolutionProperties) = preSolution
		HideSolutionNode = FALSE
	EndGlobalSection
	GlobalSection(ExtensibilityGlobals) = postSolution
		SolutionGuid = {0E7A7BC6-C8BA-4F19-A1F7-0DA44C2F365C}
	EndGlobalSection
EndGlobal
